
Microsoft Visual Studio Solution File, Format Version 12.00
# Visual Studio Version 17
VisualStudioVersion = 17.5.33424.131
MinimumVisualStudioVersion = 10.0.40219.1
Project("{FAE04EC0-301F-11D3-BF4B-00C04F79EFBC}") = "fukuv0531", "fukuv0531\fukuv0531.csproj", "{1332AB83-6CAC-4D38-9129-C70F48AE7BD4}"
EndProject
Global
	GlobalSection(SolutionConfigurationPlatforms) = preSolution
		Debug|Any CPU = Debug|Any CPU
		Release|Any CPU = Release|Any CPU
	EndGlobalSection
	GlobalSection(ProjectConfigurationPlatforms) = postSolution
		{1332AB83-6CAC-4D38-9129-C70F48AE7BD4}.Debug|Any CPU.ActiveCfg = Debug|Any CPU
		{1332AB83-6CAC-4D38-9129-C70F48AE7BD4}.Debug|Any CPU.Build.0 = Debug|Any CPU
		{1332AB83-6CAC-4D38-9129-C70F48AE7BD4}.Release|Any CPU.ActiveCfg = Release|Any CPU
		{1332AB83-6CAC-4D38-9129-C70F48AE7BD4}.Release|Any CPU.Build.0 = Release|Any CPU
	EndGlobalSection
	GlobalSection(SolutionProperties) = preSolution
		HideSolutionNode = FALSE
	EndGlobalSection
	GlobalSection(ExtensibilityGlobals) = postSolution
		SolutionGuid = {A15B9A30-235A-47CB-BFA3-BF5FC0324BD6}
	EndGlobalSection
EndGlobal
